
Microsoft Visual Studio Solution File, Format Version 12.00
# Visual Studio Version 16
VisualStudioVersion = 16.0.31112.23
MinimumVisualStudioVersion = 10.0.40219.1
Project("{00D1A9C2-B5F0-4AF3-8072-F6C62B433612}") = "FedoraDev.TimCo.SQLData", "FedoraDev.TimCo.SQLData\FedoraDev.TimCo.SQLData.sqlproj", "{8EFE3E47-4D96-43F9-9D75-7D93B3429107}"
EndProject
Project("{9A19103F-16F7-4668-BE54-9A1E7A4F7556}") = "FedoraDev.TimCo.UserInterface.WPF", "FedoraDev.TimCo.UserInterface.WPF\FedoraDev.TimCo.UserInterface.WPF.csproj", "{EC37C3BE-79D0-4280-A3B9-9D6A98C49E1D}"
EndProject
Project("{9A19103F-16F7-4668-BE54-9A1E7A4F7556}") = "FedoraDev.TimCo.DataManager.Library", "FedoraDev.TimCo.DataManager.Library\FedoraDev.TimCo.DataManager.Library.csproj", "{890792BA-A0FF-43A1-9CFB-F2C095C591D5}"
EndProject
Project("{9A19103F-16F7-4668-BE54-9A1E7A4F7556}") = "FedoraDev.TimCo.UserInterface.Library", "FedoraDev.TimCo.UserInterface.Library\FedoraDev.TimCo.UserInterface.Library.csproj", "{3F5E7943-CED2-4B77-A2F6-D80BBF1BABAF}"
EndProject
Project("{2150E333-8FDC-42A3-9474-1A3956D46DE8}") = "Database", "Database", "{8DD2102D-2B82-45D6-951C-E0D5A73C178E}"
EndProject
Project("{2150E333-8FDC-42A3-9474-1A3956D46DE8}") = "API", "API", "{BF41252C-7BAB-4673-A08E-D790013D10E9}"
EndProject
Project("{2150E333-8FDC-42A3-9474-1A3956D46DE8}") = "User Interface", "User Interface", "{BCE3E0BD-240B-4F8E-BB6B-B0F81E720A27}"
EndProject
Project("{9A19103F-16F7-4668-BE54-9A1E7A4F7556}") = "FedoraDev.TimCo.Data.API", "FedoraDev.TimCo.Data.API\FedoraDev.TimCo.Data.API.csproj", "{60000C8D-D794-4F43-9DC8-16063A8FEEFC}"
EndProject
Project("{9A19103F-16F7-4668-BE54-9A1E7A4F7556}") = "FedoraDev.TimCo.UserInterface.Portal", "FedoraDev.TimCo.UserInterface.Portal\FedoraDev.TimCo.UserInterface.Portal.csproj", "{F3D43ECF-9F55-440F-9CED-2F3B3BF5A2D6}"
EndProject
Global
	GlobalSection(SolutionConfigurationPlatforms) = preSolution
		Debug|Any CPU = Debug|Any CPU
		Release|Any CPU = Release|Any CPU
	EndGlobalSection
	GlobalSection(ProjectConfigurationPlatforms) = postSolution
		{8EFE3E47-4D96-43F9-9D75-7D93B3429107}.Debug|Any CPU.ActiveCfg = Debug|Any CPU
		{8EFE3E47-4D96-43F9-9D75-7D93B3429107}.Debug|Any CPU.Build.0 = Debug|Any CPU
		{8EFE3E47-4D96-43F9-9D75-7D93B3429107}.Debug|Any CPU.Deploy.0 = Debug|Any CPU
		{8EFE3E47-4D96-43F9-9D75-7D93B3429107}.Release|Any CPU.ActiveCfg = Release|Any CPU
		{8EFE3E47-4D96-43F9-9D75-7D93B3429107}.Release|Any CPU.Build.0 = Release|Any CPU
		{8EFE3E47-4D96-43F9-9D75-7D93B3429107}.Release|Any CPU.Deploy.0 = Release|Any CPU
		{EC37C3BE-79D0-4280-A3B9-9D6A98C49E1D}.Debug|Any CPU.ActiveCfg = Debug|Any CPU
		{EC37C3BE-79D0-4280-A3B9-9D6A98C49E1D}.Debug|Any CPU.Build.0 = Debug|Any CPU
		{EC37C3BE-79D0-4280-A3B9-9D6A98C49E1D}.Release|Any CPU.ActiveCfg = Release|Any CPU
		{EC37C3BE-79D0-4280-A3B9-9D6A98C49E1D}.Release|Any CPU.Build.0 = Release|Any CPU
		{890792BA-A0FF-43A1-9CFB-F2C095C591D5}.Debug|Any CPU.ActiveCfg = Debug|Any CPU
		{890792BA-A0FF-43A1-9CFB-F2C095C591D5}.Debug|Any CPU.Build.0 = Debug|Any CPU
		{890792BA-A0FF-43A1-9CFB-F2C095C591D5}.Release|Any CPU.ActiveCfg = Release|Any CPU
		{890792BA-A0FF-43A1-9CFB-F2C095C591D5}.Release|Any CPU.Build.0 = Release|Any CPU
		{3F5E7943-CED2-4B77-A2F6-D80BBF1BABAF}.Debug|Any CPU.ActiveCfg = Debug|Any CPU
		{3F5E7943-CED2-4B77-A2F6-D80BBF1BABAF}.Debug|Any CPU.Build.0 = Debug|Any CPU
		{3F5E7943-CED2-4B77-A2F6-D80BBF1BABAF}.Release|Any CPU.ActiveCfg = Release|Any CPU
		{3F5E7943-CED2-4B77-A2F6-D80BBF1BABAF}.Release|Any CPU.Build.0 = Release|Any CPU
		{60000C8D-D794-4F43-9DC8-16063A8FEEFC}.Debug|Any CPU.ActiveCfg = Debug|Any CPU
		{60000C8D-D794-4F43-9DC8-16063A8FEEFC}.Debug|Any CPU.Build.0 = Debug|Any CPU
		{60000C8D-D794-4F43-9DC8-16063A8FEEFC}.Release|Any CPU.ActiveCfg = Release|Any CPU
		{60000C8D-D794-4F43-9DC8-16063A8FEEFC}.Release|Any CPU.Build.0 = Release|Any CPU
		{F3D43ECF-9F55-440F-9CED-2F3B3BF5A2D6}.Debug|Any CPU.ActiveCfg = Debug|Any CPU
		{F3D43ECF-9F55-440F-9CED-2F3B3BF5A2D6}.Debug|Any CPU.Build.0 = Debug|Any CPU
		{F3D43ECF-9F55-440F-9CED-2F3B3BF5A2D6}.Release|Any CPU.ActiveCfg = Release|Any CPU
		{F3D43ECF-9F55-440F-9CED-2F3B3BF5A2D6}.Release|Any CPU.Build.0 = Release|Any CPU
	EndGlobalSection
	GlobalSection(SolutionProperties) = preSolution
		HideSolutionNode = FALSE
	EndGlobalSection
	GlobalSection(NestedProjects) = preSolution
		{8EFE3E47-4D96-43F9-9D75-7D93B3429107} = {8DD2102D-2B82-45D6-951C-E0D5A73C178E}
		{EC37C3BE-79D0-4280-A3B9-9D6A98C49E1D} = {BCE3E0BD-240B-4F8E-BB6B-B0F81E720A27}
		{890792BA-A0FF-43A1-9CFB-F2C095C591D5} = {BF41252C-7BAB-4673-A08E-D790013D10E9}
		{3F5E7943-CED2-4B77-A2F6-D80BBF1BABAF} = {BCE3E0BD-240B-4F8E-BB6B-B0F81E720A27}
		{60000C8D-D794-4F43-9DC8-16063A8FEEFC} = {BF41252C-7BAB-4673-A08E-D790013D10E9}
		{F3D43ECF-9F55-440F-9CED-2F3B3BF5A2D6} = {BCE3E0BD-240B-4F8E-BB6B-B0F81E720A27}
	EndGlobalSection
	GlobalSection(ExtensibilityGlobals) = postSolution
		SolutionGuid = {CF5EB650-6A80-41F3-9CE5-8C94156AB4D1}
	EndGlobalSection
EndGlobal
